
Microsoft Visual Studio Solution File, Format Version 12.00
# Visual Studio 15
VisualStudioVersion = 15.0.26730.3
MinimumVisualStudioVersion = 10.0.40219.1
Project("{FAE04EC0-301F-11D3-BF4B-00C04F79EFBC}") = "Nue", "Nue\Nue.csproj", "{68CC99C6-1DBE-4459-BA94-742E9FF7BC86}"
EndProject
Project("{9A19103F-16F7-4668-BE54-9A1E7A4F7556}") = "Nue.Core", "Nue.Core\Nue.Core.csproj", "{6D7568AE-C944-4C70-8DA6-54F983689972}"
EndProject
Project("{FAE04EC0-301F-11D3-BF4B-00C04F79EFBC}") = "Nue.StandardResolver", "Nue.StandardResolver\Nue.StandardResolver.csproj", "{C8046141-6E78-44B8-BAD8-D83A19E8E77B}"
EndProject
Global
	GlobalSection(SolutionConfigurationPlatforms) = preSolution
		Debug|Any CPU = Debug|Any CPU
		Release|Any CPU = Release|Any CPU
	EndGlobalSection
	GlobalSection(ProjectConfigurationPlatforms) = postSolution
		{68CC99C6-1DBE-4459-BA94-742E9FF7BC86}.Debug|Any CPU.ActiveCfg = Debug|Any CPU
		{68CC99C6-1DBE-4459-BA94-742E9FF7BC86}.Debug|Any CPU.Build.0 = Debug|Any CPU
		{68CC99C6-1DBE-4459-BA94-742E9FF7BC86}.Release|Any CPU.ActiveCfg = Release|Any CPU
		{68CC99C6-1DBE-4459-BA94-742E9FF7BC86}.Release|Any CPU.Build.0 = Release|Any CPU
		{6D7568AE-C944-4C70-8DA6-54F983689972}.Debug|Any CPU.ActiveCfg = Debug|Any CPU
		{6D7568AE-C944-4C70-8DA6-54F983689972}.Debug|Any CPU.Build.0 = Debug|Any CPU
		{6D7568AE-C944-4C70-8DA6-54F983689972}.Release|Any CPU.ActiveCfg = Release|Any CPU
		{6D7568AE-C944-4C70-8DA6-54F983689972}.Release|Any CPU.Build.0 = Release|Any CPU
		{C8046141-6E78-44B8-BAD8-D83A19E8E77B}.Debug|Any CPU.ActiveCfg = Debug|Any CPU
		{C8046141-6E78-44B8-BAD8-D83A19E8E77B}.Debug|Any CPU.Build.0 = Debug|Any CPU
		{C8046141-6E78-44B8-BAD8-D83A19E8E77B}.Release|Any CPU.ActiveCfg = Release|Any CPU
		{C8046141-6E78-44B8-BAD8-D83A19E8E77B}.Release|Any CPU.Build.0 = Release|Any CPU
	EndGlobalSection
	GlobalSection(SolutionProperties) = preSolution
		HideSolutionNode = FALSE
	EndGlobalSection
	GlobalSection(ExtensibilityGlobals) = postSolution
		SolutionGuid = {7DE47469-1C7B-4BA2-8AB6-36AC275727CB}
	EndGlobalSection
EndGlobal
